github.com/nunocoracao/blowfish/v2 v2.4.0 h1:7Nxsfr0fAcCeuB3vvxyWazqNXgXPgykAukoe8gsobsU=
github.com/nunocoracao/blowfish/v2 v2.4.0/go.mod h1:4SkMc+Ht8gpQCwArqiHMBDP3soxi2OWuAhVney+cuyk=
github.com/nunocoracao/blowfish/v2 v2.40.1 h1:uYSq9NGLA/iV/6t6AAijx9KQbqRjLAdkQxSMmWurJkw=
github.com/nunocoracao/blowfish/v2 v2.40.1/go.mod h1:4SkMc+Ht8gpQCwArqiHMBDP3soxi2OWuAhVney+cuyk=
